
Microsoft Visual Studio Solution File, Format Version 12.00
# Visual Studio 15
VisualStudioVersion = 15.0.26730.16
MinimumVisualStudioVersion = 10.0.40219.1
Project("{8BC9CEB8-8B4A-11D0-8D11-00A0C91BC942}") = "libnative", "libnative\libnative.vcxproj", "{05A81E15-3FCA-45A7-B140-C0AE50E60172}"
EndProject
Project("{FAE04EC0-301F-11D3-BF4B-00C04F79EFBC}") = "dotnet_vs", "dotnet_vs\dotnet_vs.csproj", "{16C6D36A-FC1F-4377-9CAB-DC0ABE684EEE}"
	ProjectSection(ProjectDependencies) = postProject
		{05A81E15-3FCA-45A7-B140-C0AE50E60172} = {05A81E15-3FCA-45A7-B140-C0AE50E60172}
	EndProjectSection
EndProject
Global
	GlobalSection(SolutionConfigurationPlatforms) = preSolution
		Debug|Any CPU = Debug|Any CPU
		Debug|x64 = Debug|x64
		Debug|x86 = Debug|x86
		Release|Any CPU = Release|Any CPU
		Release|x64 = Release|x64
		Release|x86 = Release|x86
	EndGlobalSection
	GlobalSection(ProjectConfigurationPlatforms) = postSolution
		{05A81E15-3FCA-45A7-B140-C0AE50E60172}.Debug|Any CPU.ActiveCfg = Release|Win32
		{05A81E15-3FCA-45A7-B140-C0AE50E60172}.Debug|Any CPU.Build.0 = Release|Win32
		{05A81E15-3FCA-45A7-B140-C0AE50E60172}.Debug|Any CPU.Deploy.0 = Release|Win32
		{05A81E15-3FCA-45A7-B140-C0AE50E60172}.Debug|x64.ActiveCfg = Release|x64
		{05A81E15-3FCA-45A7-B140-C0AE50E60172}.Debug|x64.Build.0 = Release|x64
		{05A81E15-3FCA-45A7-B140-C0AE50E60172}.Debug|x64.Deploy.0 = Release|x64
		{05A81E15-3FCA-45A7-B140-C0AE50E60172}.Debug|x86.ActiveCfg = Release|Win32
		{05A81E15-3FCA-45A7-B140-C0AE50E60172}.Debug|x86.Build.0 = Release|Win32
		{05A81E15-3FCA-45A7-B140-C0AE50E60172}.Debug|x86.Deploy.0 = Release|Win32
		{05A81E15-3FCA-45A7-B140-C0AE50E60172}.Release|Any CPU.ActiveCfg = Release|x64
		{05A81E15-3FCA-45A7-B140-C0AE50E60172}.Release|Any CPU.Build.0 = Release|x64
		{05A81E15-3FCA-45A7-B140-C0AE50E60172}.Release|x64.ActiveCfg = Release|x64
		{05A81E15-3FCA-45A7-B140-C0AE50E60172}.Release|x64.Build.0 = Release|x64
		{05A81E15-3FCA-45A7-B140-C0AE50E60172}.Release|x86.ActiveCfg = Release|Win32
		{05A81E15-3FCA-45A7-B140-C0AE50E60172}.Release|x86.Build.0 = Release|Win32
		{16C6D36A-FC1F-4377-9CAB-DC0ABE684EEE}.Debug|Any CPU.ActiveCfg = Debug|Any CPU
		{16C6D36A-FC1F-4377-9CAB-DC0ABE684EEE}.Debug|Any CPU.Build.0 = Debug|Any CPU
		{16C6D36A-FC1F-4377-9CAB-DC0ABE684EEE}.Debug|x64.ActiveCfg = Debug|Any CPU
		{16C6D36A-FC1F-4377-9CAB-DC0ABE684EEE}.Debug|x64.Build.0 = Debug|Any CPU
		{16C6D36A-FC1F-4377-9CAB-DC0ABE684EEE}.Debug|x86.ActiveCfg = Debug|Any CPU
		{16C6D36A-FC1F-4377-9CAB-DC0ABE684EEE}.Debug|x86.Build.0 = Debug|Any CPU
		{16C6D36A-FC1F-4377-9CAB-DC0ABE684EEE}.Release|Any CPU.ActiveCfg = Release|Any CPU
		{16C6D36A-FC1F-4377-9CAB-DC0ABE684EEE}.Release|Any CPU.Build.0 = Release|Any CPU
		{16C6D36A-FC1F-4377-9CAB-DC0ABE684EEE}.Release|x64.ActiveCfg = Release|Any CPU
		{16C6D36A-FC1F-4377-9CAB-DC0ABE684EEE}.Release|x64.Build.0 = Release|Any CPU
		{16C6D36A-FC1F-4377-9CAB-DC0ABE684EEE}.Release|x86.ActiveCfg = Release|Any CPU
		{16C6D36A-FC1F-4377-9CAB-DC0ABE684EEE}.Release|x86.Build.0 = Release|Any CPU
	EndGlobalSection
	GlobalSection(SolutionProperties) = preSolution
		HideSolutionNode = FALSE
	EndGlobalSection
	GlobalSection(ExtensibilityGlobals) = postSolution
		SolutionGuid = {20489D19-914B-4843-97F5-90D33BA11D31}
	EndGlobalSection
EndGlobal
